// !$*UTF8*$!
{
	archiveVersion = 1;
	classes = {
	};
	objectVersion = 50;
	objects = {

/* Begin PBXBuildFile section */
		859D3AF42371C09B00B8E25A /* AppDelegate.swift in Sources */ = {isa = PBXBuildFile; fileRef = 859D3AF32371C09B00B8E25A /* AppDelegate.swift */; };
		859D3AF62371C09B00B8E25A /* SceneDelegate.swift in Sources */ = {isa = PBXBuildFile; fileRef = 859D3AF52371C09B00B8E25A /* SceneDelegate.swift */; };
		859D3AF82371C09B00B8E25A /* ViewController.swift in Sources */ = {isa = PBXBuildFile; fileRef = 859D3AF72371C09B00B8E25A /* ViewController.swift */; };
		859D3AFB2371C09B00B8E25A /* Main.storyboard in Resources */ = {isa = PBXBuildFile; fileRef = 859D3AF92371C09B00B8E25A /* Main.storyboard */; };
		859D3AFE2371C09B00B8E25A /* Shopper.xcdatamodeld in Sources */ = {isa = PBXBuildFile; fileRef = 859D3AFC2371C09B00B8E25A /* Shopper.xcdatamodeld */; };
		859D3B002371C09C00B8E25A /* Assets.xcassets in Resources */ = {isa = PBXBuildFile; fileRef = 859D3AFF2371C09C00B8E25A /* Assets.xcassets */; };
		859D3B032371C09C00B8E25A /* LaunchScreen.storyboard in Resources */ = {isa = PBXBuildFile; fileRef = 859D3B012371C09C00B8E25A /* LaunchScreen.storyboard */; };
/* End PBXBuildFile section */

/* Begin PBXFileReference section */
		859D3AF02371C09B00B8E25A /* Shopper.app */ = {isa = PBXFileReference; explicitFileType = wrapper.application; includeInIndex = 0; path = Shopper.app; sourceTree = BUILT_PRODUCTS_DIR; };
		859D3AF32371C09B00B8E25A /* AppDelegate.swift */ = {isa = PBXFileReference; lastKnownFileType = sourcecode.swift; path = AppDelegate.swift; sourceTree = "<group>"; };
		859D3AF52371C09B00B8E25A /* SceneDelegate.swift */ = {isa = PBXFileReference; lastKnownFileType = sourcecode.swift; path = SceneDelegate.swift; sourceTree = "<group>"; };
		859D3AF72371C09B00B8E25A /* ViewController.swift */ = {isa = PBXFileReference; lastKnownFileType = sourcecode.swift; path = ViewController.swift; sourceTree = "<group>"; };
		859D3AFA2371C09B00B8E25A /* Base */ = {isa = PBXFileReference; lastKnownFileType = file.storyboard; name = Base; path = Base.lproj/Main.storyboard; sourceTree = "<group>"; };
		859D3AFD2371C09B00B8E25A /* Shopper.xcdatamodel */ = {isa = PBXFileReference; lastKnownFileType = wrapper.xcdatamodel; path = Shopper.xcdatamodel; sourceTree = "<group>"; };
		859D3AFF2371C09C00B8E25A /* Assets.xcassets */ = {isa = PBXFileReference; lastKnownFileType = folder.assetcatalog; path = Assets.xcassets; sourceTree = "<group>"; };
		859D3B022371C09C00B8E25A /* Base */ = {isa = PBXFileReference; lastKnownFileType = file.storyboard; name = Base; path = Base.lproj/LaunchScreen.storyboard; sourceTree = "<group>"; };
		859D3B042371C09C00B8E25A /* Info.plist */ = {isa = PBXFileReference; lastKnownFileType = text.plist.xml; path = Info.plist; sourceTree = "<group>"; };
/* End PBXFileReference section */

/* Begin PBXFrameworksBuildPhase section */
		859D3AED2371C09B00B8E25A /* Frameworks */ = {
			isa = PBXFrameworksBuildPhase;
			buildActionMask = 2147483647;
			files = (
			);
			runOnlyForDeploymentPostprocessing = 0;
		};
/* End PBXFrameworksBuildPhase section */

/* Begin PBXGroup section */
		859D3AE72371C09B00B8E25A = {
			isa = PBXGroup;
			children = (
				859D3AF22371C09B00B8E25A /* Shopper */,
				859D3AF12371C09B00B8E25A /* Products */,
			);
			sourceTree = "<group>";
		};
		859D3AF12371C09B00B8E25A /* Products */ = {
			isa = PBXGroup;
			children = (
				859D3AF02371C09B00B8E25A /* Shopper.app */,
			);
			name = Products;
			sourceTree = "<group>";
		};
		859D3AF22371C09B00B8E25A /* Shopper */ = {
			isa = PBXGroup;
			children = (
				859D3AF32371C09B00B8E25A /* AppDelegate.swift */,
				859D3AF52371C09B00B8E25A /* SceneDelegate.swift */,
				859D3AF72371C09B00B8E25A /* ViewController.swift */,
				859D3AF92371C09B00B8E25A /* Main.storyboard */,
				859D3AFF2371C09C00B8E25A /* Assets.xcassets */,
				859D3B012371C09C00B8E25A /* LaunchScreen.storyboard */,
				859D3B042371C09C00B8E25A /* Info.plist */,
				859D3AFC2371C09B00B8E25A /* Shopper.xcdatamodeld */,
			);
			path = Shopper;
			sourceTree = "<group>";
		};
/* End PBXGroup section */

/* Begin PBXNativeTarget section */
		859D3AEF2371C09B00B8E25A /* Shopper */ = {
			isa = PBXNativeTarget;
			buildConfigurationList = 859D3B072371C09C00B8E25A /* Build configuration list for PBXNativeTarget "Shopper" */;
			buildPhases = (
				859D3AEC2371C09B00B8E25A /* Sources */,
				859D3AED2371C09B00B8E25A /* Frameworks */,
				859D3AEE2371C09B00B8E25A /* Resources */,
			);
			buildRules = (
			);
			dependencies = (
			);
			name = Shopper;
			productName = Shopper;
			productReference = 859D3AF02371C09B00B8E25A /* Shopper.app */;
			productType = "com.apple.product-type.application";
		};
/* End PBXNativeTarget section */

/* Begin PBXProject section */
		859D3AE82371C09B00B8E25A /* Project object */ = {
			isa = PBXProject;
			attributes = {
				LastSwiftUpdateCheck = 1110;
				LastUpgradeCheck = 1110;
				ORGANIZATIONNAME = "Lyons, Joseph John";
				TargetAttributes = {
					859D3AEF2371C09B00B8E25A = {
						CreatedOnToolsVersion = 11.1;
					};
				};
			};
			buildConfigurationList = 859D3AEB2371C09B00B8E25A /* Build configuration list for PBXProject "Shopper" */;
			compatibilityVersion = "Xcode 9.3";
			developmentRegion = en;
			hasScannedForEncodings = 0;
			knownRegions = (
				en,
				Base,
			);
			mainGroup = 859D3AE72371C09B00B8E25A;
			productRefGroup = 859D3AF12371C09B00B8E25A /* Products */;
			projectDirPath = "";
			projectRoot = "";
			targets = (
				859D3AEF2371C09B00B8E25A /* Shopper */,
			);
		};
/* End PBXProject section */

/* Begin PBXResourcesBuildPhase section */
		859D3AEE2371C09B00B8E25A /* Resources */ = {
			isa = PBXResourcesBuildPhase;
			buildActionMask = 2147483647;
			files = (
				859D3B032371C09C00B8E25A /* LaunchScreen.storyboard in Resources */,
				859D3B002371C09C00B8E25A /* Assets.xcassets in Resources */,
				859D3AFB2371C09B00B8E25A /* Main.storyboard in Resources */,
			);
			runOnlyForDeploymentPostprocessing = 0;
		};
/* End PBXResourcesBuildPhase section */

/* Begin PBXSourcesBuildPhase section */
		859D3AEC2371C09B00B8E25A /* Sources */ = {
			isa = PBXSourcesBuildPhase;
			buildActionMask = 2147483647;
			files = (
				859D3AF82371C09B00B8E25A /* ViewController.swift in Sources */,
				859D3AFE2371C09B00B8E25A /* Shopper.xcdatamodeld in Sources */,
				859D3AF42371C09B00B8E25A /* AppDelegate.swift in Sources */,
				859D3AF62371C09B00B8E25A /* SceneDelegate.swift in Sources */,
			);
			runOnlyForDeploymentPostprocessing = 0;
		};
/* End PBXSourcesBuildPhase section */

/* Begin PBXVariantGroup section */
		859D3AF92371C09B00B8E25A /* Main.storyboard */ = {
			isa = PBXVariantGroup;
			children = (
				859D3AFA2371C09B00B8E25A /* Base */,
			);
			name = Main.storyboard;
			sourceTree = "<group>";
		};
		859D3B012371C09C00B8E25A /* LaunchScreen.storyboard */ = {
			isa = PBXVariantGroup;
			children = (
				859D3B022371C09C00B8E25A /* Base */,
			);
			name = LaunchScreen.storyboard;
			sourceTree = "<group>";
		};
/* End PBXVariantGroup section */

/* Begin XCBuildConfiguration section */
		859D3B052371C09C00B8E25A /* Debug */ = {
			isa = XCBuildConfiguration;
			buildSettings = {
				ALWAYS_SEARCH_USER_PATHS = NO;
				CLANG_ANALYZER_NONNULL = YES;
				CLANG_ANALYZER_NUMBER_OBJECT_CONVERSION = YES_AGGRESSIVE;
				CLANG_CXX_LANGUAGE_STANDARD = "gnu++14";
				CLANG_CXX_LIBRARY = "libc++";
				CLANG_ENABLE_MODULES = YES;
				CLANG_ENABLE_OBJC_ARC = YES;
				CLANG_ENABLE_OBJC_WEAK = YES;
				CLANG_WARN_BLOCK_CAPTURE_AUTORELEASING = YES;
				CLANG_WARN_BOOL_CONVERSION = YES;
				CLANG_WARN_COMMA = YES;
				CLANG_WARN_CONSTANT_CONVERSION = YES;
				CLANG_WARN_DEPRECATED_OBJC_IMPLEMENTATIONS = YES;
				CLANG_WARN_DIRECT_OBJC_ISA_USAGE = YES_ERROR;
				CLANG_WARN_DOCUMENTATION_COMMENTS = YES;
				CLANG_WARN_EMPTY_BODY = YES;
				CLANG_WARN_ENUM_CONVERSION = YES;
				CLANG_WARN_INFINITE_RECURSION = YES;
				CLANG_WARN_INT_CONVERSION = YES;
				CLANG_WARN_NON_LITERAL_NULL_CONVERSION = YES;
				CLANG_WARN_OBJC_IMPLICIT_RETAIN_SELF = YES;
				CLANG_WARN_OBJC_LITERAL_CONVERSION = YES;
				CLANG_WARN_OBJC_ROOT_CLASS = YES_ERROR;
				CLANG_WARN_RANGE_LOOP_ANALYSIS = YES;
				CLANG_WARN_STRICT_PROTOTYPES = YES;
				CLANG_WARN_SUSPICIOUS_MOVE = YES;
				CLANG_WARN_UNGUARDED_AVAILABILITY = YES_AGGRESSIVE;
				CLANG_WARN_UNREACHABLE_CODE = YES;
				CLANG_WARN__DUPLICATE_METHOD_MATCH = YES;
				COPY_PHASE_STRIP = NO;
				DEBUG_INFORMATION_FORMAT = dwarf;
				ENABLE_STRICT_OBJC_MSGSEND = YES;
				ENABLE_TESTABILITY = YES;
				GCC_C_LANGUAGE_STANDARD = gnu11;
				GCC_DYNAMIC_NO_PIC = NO;
				GCC_NO_COMMON_BLOCKS = YES;
				GCC_OPTIMIZATION_LEVEL = 0;
				GCC_PREPROCESSOR_DEFINITIONS = (
					"DEBUG=1",
					"$(inherited)",
				);
				GCC_WARN_64_TO_32_BIT_CONVERSION = YES;
				GCC_WARN_ABOUT_RETURN_TYPE = YES_ERROR;
				GCC_WARN_UNDECLARED_SELECTOR = YES;
				GCC_WARN_UNINITIALIZED_AUTOS = YES_AGGRESSIVE;
				GCC_WARN_UNUSED_FUNCTION = YES;
				GCC_WARN_UNUSED_VARIABLE = YES;
				IPHONEOS_DEPLOYMENT_TARGET = 13.1;
				MTL_ENABLE_DEBUG_INFO = INCLUDE_SOURCE;
				MTL_FAST_MATH = YES;
				ONLY_ACTIVE_ARCH = YES;
				SDKROOT = iphoneos;
				SWIFT_ACTIVE_COMPILATION_CONDITIONS = DEBUG;
				SWIFT_OPTIMIZATION_LEVEL = "-Onone";
			};
			name = Debug;
		};
		859D3B062371C09C00B8E25A /* Release */ = {
			isa = XCBuildConfiguration;
			buildSettings = {
				ALWAYS_SEARCH_USER_PATHS = NO;
				CLANG_ANALYZER_NONNULL = YES;
				CLANG_ANALYZER_NUMBER_OBJECT_CONVERSION = YES_AGGRESSIVE;
				CLANG_CXX_LANGUAGE_STANDARD = "gnu++14";
				CLANG_CXX_LIBRARY = "libc++";
				CLANG_ENABLE_MODULES = YES;
				CLANG_ENABLE_OBJC_ARC = YES;
				CLANG_ENABLE_OBJC_WEAK = YES;
				CLANG_WARN_BLOCK_CAPTURE_AUTORELEASING = YES;
				CLANG_WARN_BOOL_CONVERSION = YES;
				CLANG_WARN_COMMA = YES;
				CLANG_WARN_CONSTANT_CONVERSION = YES;
				CLANG_WARN_DEPRECATED_OBJC_IMPLEMENTATIONS = YES;
				CLANG_WARN_DIRECT_OBJC_ISA_USAGE = YES_ERROR;
				CLANG_WARN_DOCUMENTATION_COMMENTS = YES;
				CLANG_WARN_EMPTY_BODY = YES;
				CLANG_WARN_ENUM_CONVERSION = YES;
				CLANG_WARN_INFINITE_RECURSION = YES;
				CLANG_WARN_INT_CONVERSION = YES;
				CLANG_WARN_NON_LITERAL_NULL_CONVERSION = YES;
				CLANG_WARN_OBJC_IMPLICIT_RETAIN_SELF = YES;
				CLANG_WARN_OBJC_LITERAL_CONVERSION = YES;
				CLANG_WARN_OBJC_ROOT_CLASS = YES_ERROR;
				CLANG_WARN_RANGE_LOOP_ANALYSIS = YES;
				CLANG_WARN_STRICT_PROTOTYPES = YES;
				CLANG_WARN_SUSPICIOUS_MOVE = YES;
				CLANG_WARN_UNGUARDED_AVAILABILITY = YES_AGGRESSIVE;
				CLANG_WARN_UNREACHABLE_CODE = YES;
				CLANG_WARN__DUPLICATE_METHOD_MATCH = YES;
				COPY_PHASE_STRIP = NO;
				DEBUG_INFORMATION_FORMAT = "dwarf-with-dsym";
				ENABLE_NS_ASSERTIONS = NO;
				ENABLE_STRICT_OBJC_MSGSEND = YES;
				GCC_C_LANGUAGE_STANDARD = gnu11;
				GCC_NO_COMMON_BLOCKS = YES;
				GCC_WARN_64_TO_32_BIT_CONVERSION = YES;
				GCC_WARN_ABOUT_RETURN_TYPE = YES_ERROR;
				GCC_WARN_UNDECLARED_SELECTOR = YES;
				GCC_WARN_UNINITIALIZED_AUTOS = YES_AGGRESSIVE;
				GCC_WARN_UNUSED_FUNCTION = YES;
				GCC_WARN_UNUSED_VARIABLE = YES;
				IPHONEOS_DEPLOYMENT_TARGET = 13.1;
				MTL_ENABLE_DEBUG_INFO = NO;
				MTL_FAST_MATH = YES;
				SDKROOT = iphoneos;
				SWIFT_COMPILATION_MODE = wholemodule;
				SWIFT_OPTIMIZATION_LEVEL = "-O";
				VALIDATE_PRODUCT = YES;
			};
			name = Release;
		};
		859D3B082371C09C00B8E25A /* Debug */ = {
			isa = XCBuildConfiguration;
			buildSettings = {
				ASSETCATALOG_COMPILER_APPICON_NAME = AppIcon;
				CODE_SIGN_STYLE = Automatic;
				DEVELOPMENT_TEAM = 83289AHTSS;
				INFOPLIST_FILE = Shopper/Info.plist;
				LD_RUNPATH_SEARCH_PATHS = (
					"$(inherited)",
					"@executable_path/Frameworks",
				);
				PRODUCT_BUNDLE_IDENTIFIER = Joe.Shopper;
				PRODUCT_NAME = "$(TARGET_NAME)";
				SWIFT_VERSION = 5.0;
				TARGETED_DEVICE_FAMILY = "1,2";
			};
			name = Debug;
		};
		859D3B092371C09C00B8E25A /* Release */ = {
			isa = XCBuildConfiguration;
			buildSettings = {
				ASSETCATALOG_COMPILER_APPICON_NAME = AppIcon;
				CODE_SIGN_STYLE = Automatic;
				DEVELOPMENT_TEAM = 83289AHTSS;
				INFOPLIST_FILE = Shopper/Info.plist;
				LD_RUNPATH_SEARCH_PATHS = (
					"$(inherited)",
					"@executable_path/Frameworks",
				);
				PRODUCT_BUNDLE_IDENTIFIER = Joe.Shopper;
				PRODUCT_NAME = "$(TARGET_NAME)";
				SWIFT_VERSION = 5.0;
				TARGETED_DEVICE_FAMILY = "1,2";
			};
			name = Release;
		};
/* End XCBuildConfiguration section */

/* Begin XCConfigurationList section */
		859D3AEB2371C09B00B8E25A /* Build configuration list for PBXProject "Shopper" */ = {
			isa = XCConfigurationList;
			buildConfigurations = (
				859D3B052371C09C00B8E25A /* Debug */,
				859D3B062371C09C00B8E25A /* Release */,
			);
			defaultConfigurationIsVisible = 0;
			defaultConfigurationName = Release;
		};
		859D3B072371C09C00B8E25A /* Build configuration list for PBXNativeTarget "Shopper" */ = {
			isa = XCConfigurationList;
			buildConfigurations = (
				859D3B082371C09C00B8E25A /* Debug */,
				859D3B092371C09C00B8E25A /* Release */,
			);
			defaultConfigurationIsVisible = 0;
			defaultConfigurationName = Release;
		};
/* End XCConfigurationList section */

/* Begin XCVersionGroup section */
		859D3AFC2371C09B00B8E25A /* Shopper.xcdatamodeld */ = {
			isa = XCVersionGroup;
			children = (
				859D3AFD2371C09B00B8E25A /* Shopper.xcdatamodel */,
			);
			currentVersion = 859D3AFD2371C09B00B8E25A /* Shopper.xcdatamodel */;
			path = Shopper.xcdatamodeld;
			sourceTree = "<group>";
			versionGroupType = wrapper.xcdatamodel;
		};
/* End XCVersionGroup section */
	};
	rootObject = 859D3AE82371C09B00B8E25A /* Project object */;
}
